# This file was autogenerated by Stack.
# You should not edit this file by hand.
# For more information, please see the documentation at:
#   https://docs.haskellstack.org/en/stable/lock_files

packages:
- completed:
    pantry-tree:
      sha256: c9936666afc390560319024c25ecb184e2518ae4d3be5ae14081231091c1f073
      size: 1818
    hackage: PortMidi-0.2.0.0@sha256:0671e36ec72e95138bf396234b205864a8a6d0ee353e09e01cbfd57004c56f40,2383
  original:
    hackage: PortMidi-0.2.0.0@sha256:0671e36ec72e95138bf396234b205864a8a6d0ee353e09e01cbfd57004c56f40,2383
snapshots:
- completed:
    sha256: 692668712aa3a6638401ce921cd043f5f9a8b018af9ba13ae350871196b047d6
    size: 619152
    url: https://raw.githubusercontent.com/commercialhaskell/stackage-snapshots/master/lts/19/11.yaml
  original: lts-19.11
